
Microsoft Visual Studio Solution File, Format Version 12.00
# Visual Studio Version 17
VisualStudioVersion = 17.7.34031.279
MinimumVisualStudioVersion = 10.0.40219.1
Project("{FAE04EC0-301F-11D3-BF4B-00C04F79EFBC}") = "Velozient.DroneDelivery.Console", "Velozient.DroneDelivery.Console\Velozient.DroneDelivery.Console.csproj", "{8ADDB2CD-C02A-4B06-8B58-B181F2A8E397}"
EndProject
Project("{FAE04EC0-301F-11D3-BF4B-00C04F79EFBC}") = "Velozient.DroneDelivery.Tests", "Velozient.DroneDelivery.Tests\Velozient.DroneDelivery.Tests.csproj", "{CEEED046-876B-4CA2-8DCF-A9F00B92A409}"
EndProject
Global
	GlobalSection(SolutionConfigurationPlatforms) = preSolution
		Debug|Any CPU = Debug|Any CPU
		Release|Any CPU = Release|Any CPU
	EndGlobalSection
	GlobalSection(ProjectConfigurationPlatforms) = postSolution
		{8ADDB2CD-C02A-4B06-8B58-B181F2A8E397}.Debug|Any CPU.ActiveCfg = Debug|Any CPU
		{8ADDB2CD-C02A-4B06-8B58-B181F2A8E397}.Debug|Any CPU.Build.0 = Debug|Any CPU
		{8ADDB2CD-C02A-4B06-8B58-B181F2A8E397}.Release|Any CPU.ActiveCfg = Release|Any CPU
		{8ADDB2CD-C02A-4B06-8B58-B181F2A8E397}.Release|Any CPU.Build.0 = Release|Any CPU
		{CEEED046-876B-4CA2-8DCF-A9F00B92A409}.Debug|Any CPU.ActiveCfg = Debug|Any CPU
		{CEEED046-876B-4CA2-8DCF-A9F00B92A409}.Debug|Any CPU.Build.0 = Debug|Any CPU
		{CEEED046-876B-4CA2-8DCF-A9F00B92A409}.Release|Any CPU.ActiveCfg = Release|Any CPU
		{CEEED046-876B-4CA2-8DCF-A9F00B92A409}.Release|Any CPU.Build.0 = Release|Any CPU
	EndGlobalSection
	GlobalSection(SolutionProperties) = preSolution
		HideSolutionNode = FALSE
	EndGlobalSection
	GlobalSection(ExtensibilityGlobals) = postSolution
		SolutionGuid = {E6934C71-CD1B-48A8-A33F-A974A89637E1}
	EndGlobalSection
EndGlobal
